
Microsoft Visual Studio Solution File, Format Version 12.00
# Visual Studio Version 17
VisualStudioVersion = 17.14.36414.22 d17.14
MinimumVisualStudioVersion = 10.0.40219.1
Project("{FAE04EC0-301F-11D3-BF4B-00C04F79EFBC}") = "BE_CIRRO.API", "BE_CIRRO.API\BE_CIRRO.API.csproj", "{C8FE6C95-5A47-4CE7-BCF9-7E6E881EFD55}"
EndProject
Project("{FAE04EC0-301F-11D3-BF4B-00C04F79EFBC}") = "BE_CIRRO.Shared", "BE_CIRRO.Shared\BE_CIRRO.Shared.csproj", "{BE1E6105-0194-4CD9-BE77-A2D078EE1E5C}"
EndProject
Project("{FAE04EC0-301F-11D3-BF4B-00C04F79EFBC}") = "BE_CIRRO.Domain", "BE_CIRRO.Domain\BE_CIRRO.Domain.csproj", "{04C2E222-C33F-4CBF-9BBF-2C5008C89F17}"
EndProject
Project("{FAE04EC0-301F-11D3-BF4B-00C04F79EFBC}") = "BE_CIRRO.Core", "BE_CIRRO.Core\BE_CIRRO.Core.csproj", "{15F037B8-EDAF-4894-A873-5199000CDD83}"
EndProject
Project("{FAE04EC0-301F-11D3-BF4B-00C04F79EFBC}") = "BE_CIRRO.Test", "BE_CIRRO.Test\BE_CIRRO.Test.csproj", "{5C6BEA7D-8DDC-4036-AF17-D190282A63DE}"
EndProject
Global
	GlobalSection(SolutionConfigurationPlatforms) = preSolution
		Debug|Any CPU = Debug|Any CPU
		Release|Any CPU = Release|Any CPU
	EndGlobalSection
	GlobalSection(ProjectConfigurationPlatforms) = postSolution
		{C8FE6C95-5A47-4CE7-BCF9-7E6E881EFD55}.Debug|Any CPU.ActiveCfg = Debug|Any CPU
		{C8FE6C95-5A47-4CE7-BCF9-7E6E881EFD55}.Debug|Any CPU.Build.0 = Debug|Any CPU
		{C8FE6C95-5A47-4CE7-BCF9-7E6E881EFD55}.Release|Any CPU.ActiveCfg = Release|Any CPU
		{C8FE6C95-5A47-4CE7-BCF9-7E6E881EFD55}.Release|Any CPU.Build.0 = Release|Any CPU
		{BE1E6105-0194-4CD9-BE77-A2D078EE1E5C}.Debug|Any CPU.ActiveCfg = Debug|Any CPU
		{BE1E6105-0194-4CD9-BE77-A2D078EE1E5C}.Debug|Any CPU.Build.0 = Debug|Any CPU
		{BE1E6105-0194-4CD9-BE77-A2D078EE1E5C}.Release|Any CPU.ActiveCfg = Release|Any CPU
		{BE1E6105-0194-4CD9-BE77-A2D078EE1E5C}.Release|Any CPU.Build.0 = Release|Any CPU
		{04C2E222-C33F-4CBF-9BBF-2C5008C89F17}.Debug|Any CPU.ActiveCfg = Debug|Any CPU
		{04C2E222-C33F-4CBF-9BBF-2C5008C89F17}.Debug|Any CPU.Build.0 = Debug|Any CPU
		{04C2E222-C33F-4CBF-9BBF-2C5008C89F17}.Release|Any CPU.ActiveCfg = Release|Any CPU
		{04C2E222-C33F-4CBF-9BBF-2C5008C89F17}.Release|Any CPU.Build.0 = Release|Any CPU
		{15F037B8-EDAF-4894-A873-5199000CDD83}.Debug|Any CPU.ActiveCfg = Debug|Any CPU
		{15F037B8-EDAF-4894-A873-5199000CDD83}.Debug|Any CPU.Build.0 = Debug|Any CPU
		{15F037B8-EDAF-4894-A873-5199000CDD83}.Release|Any CPU.ActiveCfg = Release|Any CPU
		{15F037B8-EDAF-4894-A873-5199000CDD83}.Release|Any CPU.Build.0 = Release|Any CPU
		{5C6BEA7D-8DDC-4036-AF17-D190282A63DE}.Debug|Any CPU.ActiveCfg = Debug|Any CPU
		{5C6BEA7D-8DDC-4036-AF17-D190282A63DE}.Debug|Any CPU.Build.0 = Debug|Any CPU
		{5C6BEA7D-8DDC-4036-AF17-D190282A63DE}.Release|Any CPU.ActiveCfg = Release|Any CPU
		{5C6BEA7D-8DDC-4036-AF17-D190282A63DE}.Release|Any CPU.Build.0 = Release|Any CPU
	EndGlobalSection
	GlobalSection(SolutionProperties) = preSolution
		HideSolutionNode = FALSE
	EndGlobalSection
	GlobalSection(ExtensibilityGlobals) = postSolution
		SolutionGuid = {84699DF3-2635-4DAF-BFB5-BAA6CEFAB6D0}
	EndGlobalSection
EndGlobal
